
Microsoft Visual Studio Solution File, Format Version 12.00
# Visual Studio Version 17
VisualStudioVersion = 17.9.34728.123
MinimumVisualStudioVersion = 10.0.40219.1
Project("{FAE04EC0-301F-11D3-BF4B-00C04F79EFBC}") = "Lab7", "Lab7\Lab7.csproj", "{DA8695D7-8744-4D26-8BF0-D13E490B00B3}"
EndProject
Global
	GlobalSection(SolutionConfigurationPlatforms) = preSolution
		Debug|Any CPU = Debug|Any CPU
		Release|Any CPU = Release|Any CPU
	EndGlobalSection
	GlobalSection(ProjectConfigurationPlatforms) = postSolution
		{DA8695D7-8744-4D26-8BF0-D13E490B00B3}.Debug|Any CPU.ActiveCfg = Debug|Any CPU
		{DA8695D7-8744-4D26-8BF0-D13E490B00B3}.Debug|Any CPU.Build.0 = Debug|Any CPU
		{DA8695D7-8744-4D26-8BF0-D13E490B00B3}.Release|Any CPU.ActiveCfg = Release|Any CPU
		{DA8695D7-8744-4D26-8BF0-D13E490B00B3}.Release|Any CPU.Build.0 = Release|Any CPU
	EndGlobalSection
	GlobalSection(SolutionProperties) = preSolution
		HideSolutionNode = FALSE
	EndGlobalSection
	GlobalSection(ExtensibilityGlobals) = postSolution
		SolutionGuid = {DB9BBD59-3161-4F24-B148-F121962D7FCE}
	EndGlobalSection
EndGlobal
